Microsoft Visual Studio Solution File, Format Version 11.00
# Visual Studio 2008

Project("{CF204D9C-9BA2-E579-7D4D-C85B97FAF15F}") = "CombatCellsRedo-master", "Assembly-CSharp-firstpass.csproj", "{80885F1A-2EDF-490E-2B5E-A14A9404F587}"
EndProject
Project("{CF204D9C-9BA2-E579-7D4D-C85B97FAF15F}") = "CombatCellsRedo-master", "Assembly-CSharp.csproj", "{51E1F278-1595-F0CA-6CD5-4066F4E1B2D8}"
EndProject
Project("{CF204D9C-9BA2-E579-7D4D-C85B97FAF15F}") = "CombatCellsRedo-master", "Assembly-CSharp-Editor.csproj", "{A3FBCE0F-E97F-D32E-A27A-9DFBAE362999}"
EndProject
Project("{CF204D9C-9BA2-E579-7D4D-C85B97FAF15F}") = "CombatCellsRedo-master", "Assembly-UnityScript-firstpass.unityproj", "{03032CB2-A044-3A51-9AA4-8EC7457F6478}"
EndProject
Global
	GlobalSection(SolutionConfigurationPlatforms) = preSolution
		Debug|Any CPU = Debug|Any CPU
		Release|Any CPU = Release|Any CPU
	EndGlobalSection
	GlobalSection(ProjectConfigurationPlatforms) = postSolution
		{80885F1A-2EDF-490E-2B5E-A14A9404F587}.Debug|Any CPU.ActiveCfg = Debug|Any CPU
		{80885F1A-2EDF-490E-2B5E-A14A9404F587}.Debug|Any CPU.Build.0 = Debug|Any CPU
		{80885F1A-2EDF-490E-2B5E-A14A9404F587}.Release|Any CPU.ActiveCfg = Release|Any CPU
		{80885F1A-2EDF-490E-2B5E-A14A9404F587}.Release|Any CPU.Build.0 = Release|Any CPU
		{51E1F278-1595-F0CA-6CD5-4066F4E1B2D8}.Debug|Any CPU.ActiveCfg = Debug|Any CPU
		{51E1F278-1595-F0CA-6CD5-4066F4E1B2D8}.Debug|Any CPU.Build.0 = Debug|Any CPU
		{51E1F278-1595-F0CA-6CD5-4066F4E1B2D8}.Release|Any CPU.ActiveCfg = Release|Any CPU
		{51E1F278-1595-F0CA-6CD5-4066F4E1B2D8}.Release|Any CPU.Build.0 = Release|Any CPU
		{A3FBCE0F-E97F-D32E-A27A-9DFBAE362999}.Debug|Any CPU.ActiveCfg = Debug|Any CPU
		{A3FBCE0F-E97F-D32E-A27A-9DFBAE362999}.Debug|Any CPU.Build.0 = Debug|Any CPU
		{A3FBCE0F-E97F-D32E-A27A-9DFBAE362999}.Release|Any CPU.ActiveCfg = Release|Any CPU
		{A3FBCE0F-E97F-D32E-A27A-9DFBAE362999}.Release|Any CPU.Build.0 = Release|Any CPU
		{03032CB2-A044-3A51-9AA4-8EC7457F6478}.Debug|Any CPU.ActiveCfg = Debug|Any CPU
		{03032CB2-A044-3A51-9AA4-8EC7457F6478}.Debug|Any CPU.Build.0 = Debug|Any CPU
		{03032CB2-A044-3A51-9AA4-8EC7457F6478}.Release|Any CPU.ActiveCfg = Release|Any CPU
		{03032CB2-A044-3A51-9AA4-8EC7457F6478}.Release|Any CPU.Build.0 = Release|Any CPU
	EndGlobalSection
	GlobalSection(SolutionProperties) = preSolution
		HideSolutionNode = FALSE
	EndGlobalSection
																			GlobalSection(MonoDevelopProperties) = preSolution
		StartupItem = Assembly-CSharp.csproj
		Policies = $0
		$0.TextStylePolicy = $1
		$1.inheritsSet = null
		$1.scope = text/x-csharp
		$0.CSharpFormattingPolicy = $2
		$2.inheritsSet = Mono
		$2.inheritsScope = text/x-csharp
		$2.scope = text/x-csharp
		$0.TextStylePolicy = $3
		$3.FileWidth = 120
		$3.TabWidth = 4
		$3.EolMarker = Unix
		$3.inheritsSet = Mono
		$3.inheritsScope = text/plain
		$3.scope = text/plain
	EndGlobalSection

EndGlobal
