Microsoft Visual Studio Solution File, Format Version 11.00
# Visual Studio 2008

Project("{D92D31F2-841A-F401-D1EA-F9182CDA4781}") = "CombatCellsRedo", "Assembly-CSharp-firstpass-vs.csproj", "{F812056B-497E-09A6-A77F-B4408D565BEB}"
EndProject
Project("{D92D31F2-841A-F401-D1EA-F9182CDA4781}") = "CombatCellsRedo", "Assembly-CSharp-vs.csproj", "{F972A7EC-3963-9AA0-0A33-D1FE118C68B3}"
EndProject
Project("{D92D31F2-841A-F401-D1EA-F9182CDA4781}") = "CombatCellsRedo", "Assembly-CSharp-Editor-vs.csproj", "{49AD8E32-1EA4-CDD5-5F73-D562AA051D61}"
EndProject
Global
	GlobalSection(SolutionConfigurationPlatforms) = preSolution
		Debug|Any CPU = Debug|Any CPU
		Release|Any CPU = Release|Any CPU
	EndGlobalSection
	GlobalSection(ProjectConfigurationPlatforms) = postSolution
		{F812056B-497E-09A6-A77F-B4408D565BEB}.Debug|Any CPU.ActiveCfg = Debug|Any CPU
		{F812056B-497E-09A6-A77F-B4408D565BEB}.Debug|Any CPU.Build.0 = Debug|Any CPU
		{F812056B-497E-09A6-A77F-B4408D565BEB}.Release|Any CPU.ActiveCfg = Release|Any CPU
		{F812056B-497E-09A6-A77F-B4408D565BEB}.Release|Any CPU.Build.0 = Release|Any CPU
		{F972A7EC-3963-9AA0-0A33-D1FE118C68B3}.Debug|Any CPU.ActiveCfg = Debug|Any CPU
		{F972A7EC-3963-9AA0-0A33-D1FE118C68B3}.Debug|Any CPU.Build.0 = Debug|Any CPU
		{F972A7EC-3963-9AA0-0A33-D1FE118C68B3}.Release|Any CPU.ActiveCfg = Release|Any CPU
		{F972A7EC-3963-9AA0-0A33-D1FE118C68B3}.Release|Any CPU.Build.0 = Release|Any CPU
		{49AD8E32-1EA4-CDD5-5F73-D562AA051D61}.Debug|Any CPU.ActiveCfg = Debug|Any CPU
		{49AD8E32-1EA4-CDD5-5F73-D562AA051D61}.Debug|Any CPU.Build.0 = Debug|Any CPU
		{49AD8E32-1EA4-CDD5-5F73-D562AA051D61}.Release|Any CPU.ActiveCfg = Release|Any CPU
		{49AD8E32-1EA4-CDD5-5F73-D562AA051D61}.Release|Any CPU.Build.0 = Release|Any CPU
	EndGlobalSection
	GlobalSection(SolutionProperties) = preSolution
		HideSolutionNode = FALSE
	EndGlobalSection
																																																																												GlobalSection(MonoDevelopProperties) = preSolution
		StartupItem = Assembly-CSharp.csproj
		Policies = $0
		$0.TextStylePolicy = $1
		$1.inheritsSet = null
		$1.scope = text/x-csharp
		$0.CSharpFormattingPolicy = $2
		$2.inheritsSet = Mono
		$2.inheritsScope = text/x-csharp
		$2.scope = text/x-csharp
		$0.TextStylePolicy = $3
		$3.FileWidth = 120
		$3.TabWidth = 4
		$3.EolMarker = Unix
		$3.inheritsSet = Mono
		$3.inheritsScope = text/plain
		$3.scope = text/plain
	EndGlobalSection

EndGlobal
